
Microsoft Visual Studio Solution File, Format Version 12.00
# Visual Studio Version 17
VisualStudioVersion = 17.4.33122.133
MinimumVisualStudioVersion = 10.0.40219.1
Project("{FAE04EC0-301F-11D3-BF4B-00C04F79EFBC}") = "To-Do-App", "To-Do-App.csproj", "{5001E4ED-E1D5-40F7-BADF-5ADB2EFCF839}"
EndProject
Global
	GlobalSection(SolutionConfigurationPlatforms) = preSolution
		Debug|Any CPU = Debug|Any CPU
		Release|Any CPU = Release|Any CPU
	EndGlobalSection
	GlobalSection(ProjectConfigurationPlatforms) = postSolution
		{5001E4ED-E1D5-40F7-BADF-5ADB2EFCF839}.Debug|Any CPU.ActiveCfg = Debug|Any CPU
		{5001E4ED-E1D5-40F7-BADF-5ADB2EFCF839}.Debug|Any CPU.Build.0 = Debug|Any CPU
		{5001E4ED-E1D5-40F7-BADF-5ADB2EFCF839}.Release|Any CPU.ActiveCfg = Release|Any CPU
		{5001E4ED-E1D5-40F7-BADF-5ADB2EFCF839}.Release|Any CPU.Build.0 = Release|Any CPU
	EndGlobalSection
	GlobalSection(SolutionProperties) = preSolution
		HideSolutionNode = FALSE
	EndGlobalSection
	GlobalSection(ExtensibilityGlobals) = postSolution
		SolutionGuid = {55AD5B7E-10F1-4CD0-BCB3-46BED40D2909}
	EndGlobalSection
EndGlobal
